
Microsoft Visual Studio Solution File, Format Version 12.00
# Visual Studio 15
VisualStudioVersion = 15.0.27428.2037
MinimumVisualStudioVersion = 10.0.40219.1
Project("{FAE04EC0-301F-11D3-BF4B-00C04F79EFBC}") = "OOP-1", "OOP-1\OOP-1.csproj", "{1CB77718-974F-4D59-A174-18BA2F16D046}"
EndProject
Project("{FAE04EC0-301F-11D3-BF4B-00C04F79EFBC}") = "OOP-2", "OOP-2\OOP-2.csproj", "{1DE514F3-3818-4A06-845B-98CBBD89B95C}"
EndProject
Global
	GlobalSection(SolutionConfigurationPlatforms) = preSolution
		Debug|Any CPU = Debug|Any CPU
		Release|Any CPU = Release|Any CPU
	EndGlobalSection
	GlobalSection(ProjectConfigurationPlatforms) = postSolution
		{1CB77718-974F-4D59-A174-18BA2F16D046}.Debug|Any CPU.ActiveCfg = Debug|Any CPU
		{1CB77718-974F-4D59-A174-18BA2F16D046}.Debug|Any CPU.Build.0 = Debug|Any CPU
		{1CB77718-974F-4D59-A174-18BA2F16D046}.Release|Any CPU.ActiveCfg = Release|Any CPU
		{1CB77718-974F-4D59-A174-18BA2F16D046}.Release|Any CPU.Build.0 = Release|Any CPU
		{1DE514F3-3818-4A06-845B-98CBBD89B95C}.Debug|Any CPU.ActiveCfg = Debug|Any CPU
		{1DE514F3-3818-4A06-845B-98CBBD89B95C}.Debug|Any CPU.Build.0 = Debug|Any CPU
		{1DE514F3-3818-4A06-845B-98CBBD89B95C}.Release|Any CPU.ActiveCfg = Release|Any CPU
		{1DE514F3-3818-4A06-845B-98CBBD89B95C}.Release|Any CPU.Build.0 = Release|Any CPU
	EndGlobalSection
	GlobalSection(SolutionProperties) = preSolution
		HideSolutionNode = FALSE
	EndGlobalSection
	GlobalSection(ExtensibilityGlobals) = postSolution
		SolutionGuid = {E61AA652-BCCC-4638-8DDD-C9DDBCE081F8}
	EndGlobalSection
EndGlobal
